dependencies:
- name: helm-fhir
  repository: oci://ghcr.io/nuts-foundation
  version: 0.1.2
- name: helm-pep
  repository: oci://ghcr.io/nuts-foundation
  version: 0.1.2
- name: helm-pep
  repository: oci://ghcr.io/nuts-foundation
  version: 0.1.2
- name: helm-nuts-admin
  repository: oci://ghcr.io/nuts-foundation
  version: 0.1.0
- name: helm-mock-vc-issuer
  repository: file://../mock-vc-issuer
  version: 0.1.0
- name: helm-mock-mitz
  repository: file://../mock-mitz
  version: 0.1.0
- name: helm-mock-dezi
  repository: file://../mock-dezi
  version: 0.1.0
- name: helm-gf-sandbox
  repository: file://../gf-sandbox
  version: 0.2.0
- name: helm-gf-sandbox
  repository: file://../gf-sandbox
  version: 0.2.0
- name: nuts-node-chart
  repository: https://nuts-foundation.github.io/nuts-node/
  version: 0.0.6
- name: jaeger
  repository: https://jaegertracing.github.io/helm-charts
  version: 3.4.1
digest: sha256:b6dc41f517c2fca08c609ceebb5224fc5312e38aa3f78d84c5a496190c6bbd72
generated: "2026-09-28T17:33:04.643818+02:00"
