dependencies:
- name: helm-fhir
  repository: file://../fhir
  version: 0.1.1
- name: helm-pep
  repository: oci://ghcr.io/nuts-foundation
  version: 0.1.1
- name: helm-pep
  repository: oci://ghcr.io/nuts-foundation
  version: 0.1.1
- name: helm-nutsadmin
  repository: file://../nutsadmin
  version: 0.1.0
- name: helm-mock-vc-issuer
  repository: file://../mock-vc-issuer
  version: 0.1.0
- name: helm-mock-mitz
  repository: file://../mock-mitz
  version: 0.1.0
- name: helm-mock-dezi
  repository: file://../mock-dezi
  version: 0.1.0
- name: helm-gf-sandbox
  repository: file://../gf-sandbox
  version: 0.1.0
- name: nuts-node-chart
  repository: https://nuts-foundation.github.io/nuts-node/
  version: 0.0.6
- name: jaeger
  repository: https://jaegertracing.github.io/helm-charts
  version: 3.4.1
digest: sha256:43ffbb81bc39ec8b93ef3af62772d285e584fc5abb23390ced47b08dcb23527b
generated: "2026-09-16T10:32:39.87599+02:00"
